github.com/KarpelesLab/goavif v0.1.0 h1:CJ5go0sQPjpfNL0E7Zzgn/IMi5ppv/gd1oy4URU2+j4=
github.com/KarpelesLab/goavif v0.1.0/go.mod h1:JvXzaymMyoNY+cWkJhMLM1f89NM2+4cYaYOz2P5vgO8=
github.com/KarpelesLab/gowebp v0.1.1 h1:W11ZrRVx+Zk4ypW5NBEU31FQzghICXIrAbAbO5yd4M0=
github.com/KarpelesLab/gowebp v0.1.1/go.mod h1:Js8OXPQ94yl94HqaO/9XuUqk0wOPod6uycryhzmTgsU=
github.com/lmittmann/tint v1.2.0 h1:AogHRHy8HUJUnNJBHJlYa+fR4YY8mko2cnCp67xn9JY=
github.com/lmittmann/tint v1.2.0/go.mod h1:HIS3gSy7qNwGCj+5oRjAutErFBl4BzdQP6cJZ0NfMwE=
github.com/mcstatus-io/mcutil/v4 v4.3.1 h1:OvuZfl8p4R2xUv7GuC8cF1UnxaePUFGA40NjC2JDGBk=
github.com/mcstatus-io/mcutil/v4 v4.3.1/go.mod h1:PGyTrx9UNvWVDHxbYQT89es9AWPkv5pAc6BAlFHm4fU=
golang.org/x/image v0.46.0 h1:b1+oYj0Jbp6K5MDT4i4/eZpYlk3V8SJhhDKh6LBHAyQ=
golang.org/x/image v0.46.0/go.mod h1:3B3W05VGVQyuXucLINLjXKrqISASfi4Xj+iCVkLMwew=
golang.org/x/sync v0.23.0 h1:KameEIfc1IkluZyXWLn39Wd4tURc6GbCiISGiZm2bQk=
golang.org/x/sync v0.23.0/go.mod h1:sUUOizhqBxiL6pEWpqNLUiaJn1ShEbZ6BBqskPbjZm0=
golang.org/x/sys v0.48.0 h1:bbX/i/6MgT9BVLM9RT1thmxL04yeTAhbEz4SyadbXoo=
golang.org/x/sys v0.48.0/go.mod h1:hNLxWAXmnKAxqDtdwIYC4bM9oQPEecfsnNMuSxOs3og=
golang.org/x/text v0.42.0 h1:JbOZXgfeCPU9gacVtYliJqOhD+zhrEqK4LfdpmlUZqI=
golang.org/x/text v0.42.0/go.mod h1:ojzP1Z+2QtioaF8DTtO8K5q7JWVVYwZKenzujK0Zd0E=
